// !$*UTF8*$!
{
	archiveVersion = 1;
	classes = {
	};
	objectVersion = 46;
	objects = {

/* Begin PBXBuildFile section */
		CB4864171C0EA90400A2728D /* AppDelegate.swift in Sources */ = {isa = PBXBuildFile; fileRef = CB4864161C0EA90400A2728D /* AppDelegate.swift */; };
		CB4864191C0EA90400A2728D /* ViewController.swift in Sources */ = {isa = PBXBuildFile; fileRef = CB4864181C0EA90400A2728D /* ViewController.swift */; };
		CB48641E1C0EA90400A2728D /* Assets.xcassets in Resources */ = {isa = PBXBuildFile; fileRef = CB48641D1C0EA90400A2728D /* Assets.xcassets */; };
		CB4864211C0EA90400A2728D /* LaunchScreen.storyboard in Resources */ = {isa = PBXBuildFile; fileRef = CB48641F1C0EA90400A2728D /* LaunchScreen.storyboard */; };
/* End PBXBuildFile section */

/* Begin PBXFileReference section */
		CB4864131C0EA90400A2728D /* tapDetecter.app */ = {isa = PBXFileReference; explicitFileType = wrapper.application; includeInIndex = 0; path = tapDetecter.app; sourceTree = BUILT_PRODUCTS_DIR; };
		CB4864161C0EA90400A2728D /* AppDelegate.swift */ = {isa = PBXFileReference; lastKnownFileType = sourcecode.swift; path = AppDelegate.swift; sourceTree = "<group>"; };
		CB4864181C0EA90400A2728D /* ViewController.swift */ = {isa = PBXFileReference; lastKnownFileType = sourcecode.swift; path = ViewController.swift; sourceTree = "<group>"; };
		CB48641D1C0EA90400A2728D /* Assets.xcassets */ = {isa = PBXFileReference; lastKnownFileType = folder.assetcatalog; path = Assets.xcassets; sourceTree = "<group>"; };
		CB4864201C0EA90400A2728D /* Base */ = {isa = PBXFileReference; lastKnownFileType = file.storyboard; name = Base; path = Base.lproj/LaunchScreen.storyboard; sourceTree = "<group>"; };
		CB4864221C0EA90400A2728D /* Info.plist */ = {isa = PBXFileReference; lastKnownFileType = text.plist.xml; path = Info.plist; sourceTree = "<group>"; };
/* End PBXFileReference section */

/* Begin PBXFrameworksBuildPhase section */
		CB4864101C0EA90400A2728D /* Frameworks */ = {
			isa = PBXFrameworksBuildPhase;
			buildActionMask = 2147483647;
			files = (
			);
			runOnlyForDeploymentPostprocessing = 0;
		};
/* End PBXFrameworksBuildPhase section */

/* Begin PBXGroup section */
		CB48640A1C0EA90400A2728D = {
			isa = PBXGroup;
			children = (
				CB4864151C0EA90400A2728D /* tapDetecter */,
				CB4864141C0EA90400A2728D /* Products */,
			);
			sourceTree = "<group>";
		};
		CB4864141C0EA90400A2728D /* Products */ = {
			isa = PBXGroup;
			children = (
				CB4864131C0EA90400A2728D /* tapDetecter.app */,
			);
			name = Products;
			sourceTree = "<group>";
		};
		CB4864151C0EA90400A2728D /* tapDetecter */ = {
			isa = PBXGroup;
			children = (
				CB4864161C0EA90400A2728D /* AppDelegate.swift */,
				CB4864181C0EA90400A2728D /* ViewController.swift */,
				CB48641D1C0EA90400A2728D /* Assets.xcassets */,
				CB48641F1C0EA90400A2728D /* LaunchScreen.storyboard */,
				CB4864221C0EA90400A2728D /* Info.plist */,
			);
			path = tapDetecter;
			sourceTree = "<group>";
		};
/* End PBXGroup section */

/* Begin PBXNativeTarget section */
		CB4864121C0EA90400A2728D /* tapDetecter */ = {
			isa = PBXNativeTarget;
			buildConfigurationList = CB4864251C0EA90400A2728D /* Build configuration list for PBXNativeTarget "tapDetecter" */;
			buildPhases = (
				CB48640F1C0EA90400A2728D /* Sources */,
				CB4864101C0EA90400A2728D /* Frameworks */,
				CB4864111C0EA90400A2728D /* Resources */,
			);
			buildRules = (
			);
			dependencies = (
			);
			name = tapDetecter;
			productName = tapDetecter;
			productReference = CB4864131C0EA90400A2728D /* tapDetecter.app */;
			productType = "com.apple.product-type.application";
		};
/* End PBXNativeTarget section */

/* Begin PBXProject section */
		CB48640B1C0EA90400A2728D /* Project object */ = {
			isa = PBXProject;
			attributes = {
				LastSwiftUpdateCheck = 0710;
				LastUpgradeCheck = 0710;
				ORGANIZATIONNAME = sotozaki;
				TargetAttributes = {
					CB4864121C0EA90400A2728D = {
						CreatedOnToolsVersion = 7.1.1;
					};
				};
			};
			buildConfigurationList = CB48640E1C0EA90400A2728D /* Build configuration list for PBXProject "tapDetecter" */;
			compatibilityVersion = "Xcode 3.2";
			developmentRegion = English;
			hasScannedForEncodings = 0;
			knownRegions = (
				en,
				Base,
			);
			mainGroup = CB48640A1C0EA90400A2728D;
			productRefGroup = CB4864141C0EA90400A2728D /* Products */;
			projectDirPath = "";
			projectRoot = "";
			targets = (
				CB4864121C0EA90400A2728D /* tapDetecter */,
			);
		};
/* End PBXProject section */

/* Begin PBXResourcesBuildPhase section */
		CB4864111C0EA90400A2728D /* Resources */ = {
			isa = PBXResourcesBuildPhase;
			buildActionMask = 2147483647;
			files = (
				CB4864211C0EA90400A2728D /* LaunchScreen.storyboard in Resources */,
				CB48641E1C0EA90400A2728D /* Assets.xcassets in Resources */,
			);
			runOnlyForDeploymentPostprocessing = 0;
		};
/* End PBXResourcesBuildPhase section */

/* Begin PBXSourcesBuildPhase section */
		CB48640F1C0EA90400A2728D /* Sources */ = {
			isa = PBXSourcesBuildPhase;
			buildActionMask = 2147483647;
			files = (
				CB4864191C0EA90400A2728D /* ViewController.swift in Sources */,
				CB4864171C0EA90400A2728D /* AppDelegate.swift in Sources */,
			);
			runOnlyForDeploymentPostprocessing = 0;
		};
/* End PBXSourcesBuildPhase section */

/* Begin PBXVariantGroup section */
		CB48641F1C0EA90400A2728D /* LaunchScreen.storyboard */ = {
			isa = PBXVariantGroup;
			children = (
				CB4864201C0EA90400A2728D /* Base */,
			);
			name = LaunchScreen.storyboard;
			sourceTree = "<group>";
		};
/* End PBXVariantGroup section */

/* Begin XCBuildConfiguration section */
		CB4864231C0EA90400A2728D /* Debug */ = {
			isa = XCBuildConfiguration;
			buildSettings = {
				ALWAYS_SEARCH_USER_PATHS = NO;
				CLANG_CXX_LANGUAGE_STANDARD = "gnu++0x";
				CLANG_CXX_LIBRARY = "libc++";
				CLANG_ENABLE_MODULES = YES;
				CLANG_ENABLE_OBJC_ARC = YES;
				CLANG_WARN_BOOL_CONVERSION = YES;
				CLANG_WARN_CONSTANT_CONVERSION = YES;
				CLANG_WARN_DIRECT_OBJC_ISA_USAGE = YES_ERROR;
				CLANG_WARN_EMPTY_BODY = YES;
				CLANG_WARN_ENUM_CONVERSION = YES;
				CLANG_WARN_INT_CONVERSION = YES;
				CLANG_WARN_OBJC_ROOT_CLASS = YES_ERROR;
				CLANG_WARN_UNREACHABLE_CODE = YES;
				CLANG_WARN__DUPLICATE_METHOD_MATCH = YES;
				"CODE_SIGN_IDENTITY[sdk=iphoneos*]" = "iPhone Developer";
				COPY_PHASE_STRIP = NO;
				DEBUG_INFORMATION_FORMAT = dwarf;
				ENABLE_STRICT_OBJC_MSGSEND = YES;
				ENABLE_TESTABILITY = YES;
				GCC_C_LANGUAGE_STANDARD = gnu99;
				GCC_DYNAMIC_NO_PIC = NO;
				GCC_NO_COMMON_BLOCKS = YES;
				GCC_OPTIMIZATION_LEVEL = 0;
				GCC_PREPROCESSOR_DEFINITIONS = (
					"DEBUG=1",
					"$(inherited)",
				);
				GCC_WARN_64_TO_32_BIT_CONVERSION = YES;
				GCC_WARN_ABOUT_RETURN_TYPE = YES_ERROR;
				GCC_WARN_UNDECLARED_SELECTOR = YES;
				GCC_WARN_UNINITIALIZED_AUTOS = YES_AGGRESSIVE;
				GCC_WARN_UNUSED_FUNCTION = YES;
				GCC_WARN_UNUSED_VARIABLE = YES;
				IPHONEOS_DEPLOYMENT_TARGET = 9.1;
				MTL_ENABLE_DEBUG_INFO = YES;
				ONLY_ACTIVE_ARCH = YES;
				SDKROOT = iphoneos;
				SWIFT_OPTIMIZATION_LEVEL = "-Onone";
			};
			name = Debug;
		};
		CB4864241C0EA90400A2728D /* Release */ = {
			isa = XCBuildConfiguration;
			buildSettings = {
				ALWAYS_SEARCH_USER_PATHS = NO;
				CLANG_CXX_LANGUAGE_STANDARD = "gnu++0x";
				CLANG_CXX_LIBRARY = "libc++";
				CLANG_ENABLE_MODULES = YES;
				CLANG_ENABLE_OBJC_ARC = YES;
				CLANG_WARN_BOOL_CONVERSION = YES;
				CLANG_WARN_CONSTANT_CONVERSION = YES;
				CLANG_WARN_DIRECT_OBJC_ISA_USAGE = YES_ERROR;
				CLANG_WARN_EMPTY_BODY = YES;
				CLANG_WARN_ENUM_CONVERSION = YES;
				CLANG_WARN_INT_CONVERSION = YES;
				CLANG_WARN_OBJC_ROOT_CLASS = YES_ERROR;
				CLANG_WARN_UNREACHABLE_CODE = YES;
				CLANG_WARN__DUPLICATE_METHOD_MATCH = YES;
				"CODE_SIGN_IDENTITY[sdk=iphoneos*]" = "iPhone Developer";
				COPY_PHASE_STRIP = NO;
				DEBUG_INFORMATION_FORMAT = "dwarf-with-dsym";
				ENABLE_NS_ASSERTIONS = NO;
				ENABLE_STRICT_OBJC_MSGSEND = YES;
				GCC_C_LANGUAGE_STANDARD = gnu99;
				GCC_NO_COMMON_BLOCKS = YES;
				GCC_WARN_64_TO_32_BIT_CONVERSION = YES;
				GCC_WARN_ABOUT_RETURN_TYPE = YES_ERROR;
				GCC_WARN_UNDECLARED_SELECTOR = YES;
				GCC_WARN_UNINITIALIZED_AUTOS = YES_AGGRESSIVE;
				GCC_WARN_UNUSED_FUNCTION = YES;
				GCC_WARN_UNUSED_VARIABLE = YES;
				IPHONEOS_DEPLOYMENT_TARGET = 9.1;
				MTL_ENABLE_DEBUG_INFO = NO;
				SDKROOT = iphoneos;
				VALIDATE_PRODUCT = YES;
			};
			name = Release;
		};
		CB4864261C0EA90400A2728D /* Debug */ = {
			isa = XCBuildConfiguration;
			buildSettings = {
				ASSETCATALOG_COMPILER_APPICON_NAME = AppIcon;
				INFOPLIST_FILE = tapDetecter/Info.plist;
				LD_RUNPATH_SEARCH_PATHS = "$(inherited) @executable_path/Frameworks";
				PRODUCT_BUNDLE_IDENTIFIER = sotozaki.tapDetecter;
				PRODUCT_NAME = "$(TARGET_NAME)";
			};
			name = Debug;
		};
		CB4864271C0EA90400A2728D /* Release */ = {
			isa = XCBuildConfiguration;
			buildSettings = {
				ASSETCATALOG_COMPILER_APPICON_NAME = AppIcon;
				INFOPLIST_FILE = tapDetecter/Info.plist;
				LD_RUNPATH_SEARCH_PATHS = "$(inherited) @executable_path/Frameworks";
				PRODUCT_BUNDLE_IDENTIFIER = sotozaki.tapDetecter;
				PRODUCT_NAME = "$(TARGET_NAME)";
			};
			name = Release;
		};
/* End XCBuildConfiguration section */

/* Begin XCConfigurationList section */
		CB48640E1C0EA90400A2728D /* Build configuration list for PBXProject "tapDetecter" */ = {
			isa = XCConfigurationList;
			buildConfigurations = (
				CB4864231C0EA90400A2728D /* Debug */,
				CB4864241C0EA90400A2728D /* Release */,
			);
			defaultConfigurationIsVisible = 0;
			defaultConfigurationName = Release;
		};
		CB4864251C0EA90400A2728D /* Build configuration list for PBXNativeTarget "tapDetecter" */ = {
			isa = XCConfigurationList;
			buildConfigurations = (
				CB4864261C0EA90400A2728D /* Debug */,
				CB4864271C0EA90400A2728D /* Release */,
			);
			defaultConfigurationIsVisible = 0;
		};
/* End XCConfigurationList section */
	};
	rootObject = CB48640B1C0EA90400A2728D /* Project object */;
}
